
Microsoft Visual Studio Solution File, Format Version 12.00
Project("{FAE04EC0-301F-11D3-BF4B-00C04F79EFBC}") = "FizzBuzz", "FizzBuzz\FizzBuzz.csproj", "{9385EE4F-44AA-444C-99E4-6D4674F45DBB}"
EndProject
Global
	GlobalSection(SolutionConfigurationPlatforms) = preSolution
		Debug|Any CPU = Debug|Any CPU
		Release|Any CPU = Release|Any CPU
	EndGlobalSection
	GlobalSection(ProjectConfigurationPlatforms) = postSolution
		{9385EE4F-44AA-444C-99E4-6D4674F45DBB}.Debug|Any CPU.ActiveCfg = Debug|Any CPU
		{9385EE4F-44AA-444C-99E4-6D4674F45DBB}.Debug|Any CPU.Build.0 = Debug|Any CPU
		{9385EE4F-44AA-444C-99E4-6D4674F45DBB}.Release|Any CPU.ActiveCfg = Release|Any CPU
		{9385EE4F-44AA-444C-99E4-6D4674F45DBB}.Release|Any CPU.Build.0 = Release|Any CPU
	EndGlobalSection
EndGlobal
